
Microsoft Visual Studio Solution File, Format Version 12.00
# Visual Studio Version 17
VisualStudioVersion = 17.8.34330.188
MinimumVisualStudioVersion = 10.0.40219.1
Project("{9A19103F-16F7-4668-BE54-9A1E7A4F7556}") = "Draw.API", "src\Draw.API\Draw.API.csproj", "{73134249-60DA-4B62-96E9-D27118CB038A}"
EndProject
Project("{FAE04EC0-301F-11D3-BF4B-00C04F79EFBC}") = "Draw.API.Tests", "src\Draw.API.Tests\Draw.API.Tests.csproj", "{2D1F941E-2FEF-4F5F-AF01-80945B196997}"
EndProject
Global
	GlobalSection(SolutionConfigurationPlatforms) = preSolution
		Debug|Any CPU = Debug|Any CPU
		Release|Any CPU = Release|Any CPU
	EndGlobalSection
	GlobalSection(ProjectConfigurationPlatforms) = postSolution
		{73134249-60DA-4B62-96E9-D27118CB038A}.Debug|Any CPU.ActiveCfg = Debug|Any CPU
		{73134249-60DA-4B62-96E9-D27118CB038A}.Debug|Any CPU.Build.0 = Debug|Any CPU
		{73134249-60DA-4B62-96E9-D27118CB038A}.Release|Any CPU.ActiveCfg = Release|Any CPU
		{73134249-60DA-4B62-96E9-D27118CB038A}.Release|Any CPU.Build.0 = Release|Any CPU
		{2D1F941E-2FEF-4F5F-AF01-80945B196997}.Debug|Any CPU.ActiveCfg = Debug|Any CPU
		{2D1F941E-2FEF-4F5F-AF01-80945B196997}.Debug|Any CPU.Build.0 = Debug|Any CPU
		{2D1F941E-2FEF-4F5F-AF01-80945B196997}.Release|Any CPU.ActiveCfg = Release|Any CPU
		{2D1F941E-2FEF-4F5F-AF01-80945B196997}.Release|Any CPU.Build.0 = Release|Any CPU
	EndGlobalSection
	GlobalSection(SolutionProperties) = preSolution
		HideSolutionNode = FALSE
	EndGlobalSection
	GlobalSection(ExtensibilityGlobals) = postSolution
		SolutionGuid = {7B176FBC-C971-4294-A463-AA2E7F24A285}
	EndGlobalSection
EndGlobal
